<?xml version="1.0" encoding="utf-8"?>
<Project ToolsVersion="4.0" xmlns="http://schemas.microsoft.com/developer/msbuild/2003">
  <ItemGroup>
    <Filter Include="Source Files">
      <UniqueIdentifier>{4FC737F1-C7A5-4376-A066-2A32D752A2FF}</UniqueIdentifier>
      <Extensions>cpp;c;cc;cxx;c++;cppm;ixx;def;odl;idl;hpj;bat;asm;asmx</Extensions>
    </Filter>
    <Filter Include="Header Files">
      <UniqueIdentifier>{93995380-89BD-4b04-88EB-625FBE52EBFB}</UniqueIdentifier>
      <Extensions>h;hh;hpp;hxx;h++;hm;inl;inc;ipp;xsd</Extensions>
    </Filter>
    <Filter Include="Resource Files">
      <UniqueIdentifier>{67DA6AB6-F800-4c08-8B7A-83BB121AAD01}</UniqueIdentifier>
      <Extensions>rc;ico;cur;bmp;dlg;rc2;rct;bin;rgs;gif;jpg;jpeg;jpe;resx;tiff;tif;png;wav;mfcribbon-ms</Extensions>
    </Filter>
  </ItemGroup>
  <ItemGroup>
    <None Include="FrameworkRelease_x64.dll" />
    <None Include="libjpeg-9.dll" />
    <None Include="libpng16-16.dll" />
    <None Include="SDL2.dll" />
    <None Include="SDL2_image.dll" />
    <None Include="zlib1.dll" />
  </ItemGroup>
  <ItemGroup>
    <Library Include="FrameworkRelease_x64.lib" />
  </ItemGroup>
  <ItemGroup>
    <Text Include="README.txt" />
  </ItemGroup>
  <ItemGroup>
    <ClInclude Include="Code\Game\Framework.h">
      <Filter>Header Files</Filter>
    </ClInclude>
    <ClInclude Include="Code\Game\MyFramework.h">
      <Filter>Header Files</Filter>
    </ClInclude>
    <ClInclude Include="Code\World\Ability.h">
      <Filter>Header Files</Filter>
    </ClInclude>
    <ClInclude Include="Code\World\Dragon.h">
      <Filter>Header Files</Filter>
    </ClInclude>
    <ClInclude Include="Code\World\Enemy.h">
      <Filter>Header Files</Filter>
    </ClInclude>
    <ClInclude Include="Code\World\GameObjects.h">
      <Filter>Header Files</Filter>
    </ClInclude>
    <ClInclude Include="Code\World\Platform.h">
      <Filter>Header Files</Filter>
    </ClInclude>
    <ClInclude Include="Code\World\Projectile.h">
      <Filter>Header Files</Filter>
    </ClInclude>
  </ItemGroup>
  <ItemGroup>
    <ClCompile Include="Code\Game\MyFramework.cpp">
      <Filter>Source Files</Filter>
    </ClCompile>
    <ClCompile Include="Code\World\Ability.cpp">
      <Filter>Source Files</Filter>
    </ClCompile>
    <ClCompile Include="Code\World\Dragon.cpp">
      <Filter>Source Files</Filter>
    </ClCompile>
    <ClCompile Include="Code\World\Enemy.cpp">
      <Filter>Source Files</Filter>
    </ClCompile>
    <ClCompile Include="Code\World\Platform.cpp">
      <Filter>Source Files</Filter>
    </ClCompile>
    <ClCompile Include="Code\World\Projectile.cpp">
      <Filter>Source Files</Filter>
    </ClCompile>
    <ClCompile Include="Code\main.cpp">
      <Filter>Source Files</Filter>
    </ClCompile>
  </ItemGroup>
  <ItemGroup>
    <Image Include="Data\dragon.png">
      <Filter>Resource Files</Filter>
    </Image>
    <Image Include="Data\enemy.png">
      <Filter>Resource Files</Filter>
    </Image>
    <Image Include="Data\immunity.png">
      <Filter>Resource Files</Filter>
    </Image>
    <Image Include="Data\platform.png">
      <Filter>Resource Files</Filter>
    </Image>
    <Image Include="Data\projectile.png">
      <Filter>Resource Files</Filter>
    </Image>
  </ItemGroup>
</Project>